// !$*UTF8*$!
{
	archiveVersion = 1;
	classes = {
	};
	objectVersion = 50;
	objects = {

/* Begin PBXBuildFile section */
		F0E656C024F79E5400CCCA5E /* AppDelegate.swift in Sources */ = {isa = PBXBuildFile; fileRef = F0E656BF24F79E5400CCCA5E /* AppDelegate.swift */; };
		F0E656C224F79E5400CCCA5E /* SceneDelegate.swift in Sources */ = {isa = PBXBuildFile; fileRef = F0E656C124F79E5400CCCA5E /* SceneDelegate.swift */; };
		F0E656C424F79E5400CCCA5E /* ViewController.swift in Sources */ = {isa = PBXBuildFile; fileRef = F0E656C324F79E5400CCCA5E /* ViewController.swift */; };
		F0E656C724F79E5400CCCA5E /* Main.storyboard in Resources */ = {isa = PBXBuildFile; fileRef = F0E656C524F79E5400CCCA5E /* Main.storyboard */; };
		F0E656C924F79E5700CCCA5E /* Assets.xcassets in Resources */ = {isa = PBXBuildFile; fileRef = F0E656C824F79E5700CCCA5E /* Assets.xcassets */; };
		F0E656CC24F79E5700CCCA5E /* LaunchScreen.storyboard in Resources */ = {isa = PBXBuildFile; fileRef = F0E656CA24F79E5700CCCA5E /* LaunchScreen.storyboard */; };
		F0E656D724F79E5800CCCA5E /* Day05Tests.swift in Sources */ = {isa = PBXBuildFile; fileRef = F0E656D624F79E5800CCCA5E /* Day05Tests.swift */; };
		F0E656E224F79E5800CCCA5E /* Day05UITests.swift in Sources */ = {isa = PBXBuildFile; fileRef = F0E656E124F79E5800CCCA5E /* Day05UITests.swift */; };
/* End PBXBuildFile section */

/* Begin PBXContainerItemProxy section */
		F0E656D324F79E5800CCCA5E /* PBXContainerItemProxy */ = {
			isa = PBXContainerItemProxy;
			containerPortal = F0E656B424F79E5400CCCA5E /* Project object */;
			proxyType = 1;
			remoteGlobalIDString = F0E656BB24F79E5400CCCA5E;
			remoteInfo = Day05;
		};
		F0E656DE24F79E5800CCCA5E /* PBXContainerItemProxy */ = {
			isa = PBXContainerItemProxy;
			containerPortal = F0E656B424F79E5400CCCA5E /* Project object */;
			proxyType = 1;
			remoteGlobalIDString = F0E656BB24F79E5400CCCA5E;
			remoteInfo = Day05;
		};
/* End PBXContainerItemProxy section */

/* Begin PBXFileReference section */
		F0E656BC24F79E5400CCCA5E /* Day05.app */ = {isa = PBXFileReference; explicitFileType = wrapper.application; includeInIndex = 0; path = Day05.app; sourceTree = BUILT_PRODUCTS_DIR; };
		F0E656BF24F79E5400CCCA5E /* AppDelegate.swift */ = {isa = PBXFileReference; lastKnownFileType = sourcecode.swift; path = AppDelegate.swift; sourceTree = "<group>"; };
		F0E656C124F79E5400CCCA5E /* SceneDelegate.swift */ = {isa = PBXFileReference; lastKnownFileType = sourcecode.swift; path = SceneDelegate.swift; sourceTree = "<group>"; };
		F0E656C324F79E5400CCCA5E /* ViewController.swift */ = {isa = PBXFileReference; lastKnownFileType = sourcecode.swift; path = ViewController.swift; sourceTree = "<group>"; };
		F0E656C624F79E5400CCCA5E /* Base */ = {isa = PBXFileReference; lastKnownFileType = file.storyboard; name = Base; path = Base.lproj/Main.storyboard; sourceTree = "<group>"; };
		F0E656C824F79E5700CCCA5E /* Assets.xcassets */ = {isa = PBXFileReference; lastKnownFileType = folder.assetcatalog; path = Assets.xcassets; sourceTree = "<group>"; };
		F0E656CB24F79E5700CCCA5E /* Base */ = {isa = PBXFileReference; lastKnownFileType = file.storyboard; name = Base; path = Base.lproj/LaunchScreen.storyboard; sourceTree = "<group>"; };
		F0E656CD24F79E5700CCCA5E /* Info.plist */ = {isa = PBXFileReference; lastKnownFileType = text.plist.xml; path = Info.plist; sourceTree = "<group>"; };
		F0E656D224F79E5800CCCA5E /* Day05Tests.xctest */ = {isa = PBXFileReference; explicitFileType = wrapper.cfbundle; includeInIndex = 0; path = Day05Tests.xctest; sourceTree = BUILT_PRODUCTS_DIR; };
		F0E656D624F79E5800CCCA5E /* Day05Tests.swift */ = {isa = PBXFileReference; lastKnownFileType = sourcecode.swift; path = Day05Tests.swift; sourceTree = "<group>"; };
		F0E656D824F79E5800CCCA5E /* Info.plist */ = {isa = PBXFileReference; lastKnownFileType = text.plist.xml; path = Info.plist; sourceTree = "<group>"; };
		F0E656DD24F79E5800CCCA5E /* Day05UITests.xctest */ = {isa = PBXFileReference; explicitFileType = wrapper.cfbundle; includeInIndex = 0; path = Day05UITests.xctest; sourceTree = BUILT_PRODUCTS_DIR; };
		F0E656E124F79E5800CCCA5E /* Day05UITests.swift */ = {isa = PBXFileReference; lastKnownFileType = sourcecode.swift; path = Day05UITests.swift; sourceTree = "<group>"; };
		F0E656E324F79E5800CCCA5E /* Info.plist */ = {isa = PBXFileReference; lastKnownFileType = text.plist.xml; path = Info.plist; sourceTree = "<group>"; };
/* End PBXFileReference section */

/* Begin PBXFrameworksBuildPhase section */
		F0E656B924F79E5400CCCA5E /* Frameworks */ = {
			isa = PBXFrameworksBuildPhase;
			buildActionMask = 2147483647;
			files = (
			);
			runOnlyForDeploymentPostprocessing = 0;
		};
		F0E656CF24F79E5800CCCA5E /* Frameworks */ = {
			isa = PBXFrameworksBuildPhase;
			buildActionMask = 2147483647;
			files = (
			);
			runOnlyForDeploymentPostprocessing = 0;
		};
		F0E656DA24F79E5800CCCA5E /* Frameworks */ = {
			isa = PBXFrameworksBuildPhase;
			buildActionMask = 2147483647;
			files = (
			);
			runOnlyForDeploymentPostprocessing = 0;
		};
/* End PBXFrameworksBuildPhase section */

/* Begin PBXGroup section */
		F0E656B324F79E5400CCCA5E = {
			isa = PBXGroup;
			children = (
				F0E656BE24F79E5400CCCA5E /* Day05 */,
				F0E656D524F79E5800CCCA5E /* Day05Tests */,
				F0E656E024F79E5800CCCA5E /* Day05UITests */,
				F0E656BD24F79E5400CCCA5E /* Products */,
			);
			sourceTree = "<group>";
		};
		F0E656BD24F79E5400CCCA5E /* Products */ = {
			isa = PBXGroup;
			children = (
				F0E656BC24F79E5400CCCA5E /* Day05.app */,
				F0E656D224F79E5800CCCA5E /* Day05Tests.xctest */,
				F0E656DD24F79E5800CCCA5E /* Day05UITests.xctest */,
			);
			name = Products;
			sourceTree = "<group>";
		};
		F0E656BE24F79E5400CCCA5E /* Day05 */ = {
			isa = PBXGroup;
			children = (
				F0E656BF24F79E5400CCCA5E /* AppDelegate.swift */,
				F0E656C124F79E5400CCCA5E /* SceneDelegate.swift */,
				F0E656C324F79E5400CCCA5E /* ViewController.swift */,
				F0E656C524F79E5400CCCA5E /* Main.storyboard */,
				F0E656C824F79E5700CCCA5E /* Assets.xcassets */,
				F0E656CA24F79E5700CCCA5E /* LaunchScreen.storyboard */,
				F0E656CD24F79E5700CCCA5E /* Info.plist */,
			);
			path = Day05;
			sourceTree = "<group>";
		};
		F0E656D524F79E5800CCCA5E /* Day05Tests */ = {
			isa = PBXGroup;
			children = (
				F0E656D624F79E5800CCCA5E /* Day05Tests.swift */,
				F0E656D824F79E5800CCCA5E /* Info.plist */,
			);
			path = Day05Tests;
			sourceTree = "<group>";
		};
		F0E656E024F79E5800CCCA5E /* Day05UITests */ = {
			isa = PBXGroup;
			children = (
				F0E656E124F79E5800CCCA5E /* Day05UITests.swift */,
				F0E656E324F79E5800CCCA5E /* Info.plist */,
			);
			path = Day05UITests;
			sourceTree = "<group>";
		};
/* End PBXGroup section */

/* Begin PBXNativeTarget section */
		F0E656BB24F79E5400CCCA5E /* Day05 */ = {
			isa = PBXNativeTarget;
			buildConfigurationList = F0E656E624F79E5800CCCA5E /* Build configuration list for PBXNativeTarget "Day05" */;
			buildPhases = (
				F0E656B824F79E5400CCCA5E /* Sources */,
				F0E656B924F79E5400CCCA5E /* Frameworks */,
				F0E656BA24F79E5400CCCA5E /* Resources */,
			);
			buildRules = (
			);
			dependencies = (
			);
			name = Day05;
			productName = Day05;
			productReference = F0E656BC24F79E5400CCCA5E /* Day05.app */;
			productType = "com.apple.product-type.application";
		};
		F0E656D124F79E5800CCCA5E /* Day05Tests */ = {
			isa = PBXNativeTarget;
			buildConfigurationList = F0E656E924F79E5800CCCA5E /* Build configuration list for PBXNativeTarget "Day05Tests" */;
			buildPhases = (
				F0E656CE24F79E5800CCCA5E /* Sources */,
				F0E656CF24F79E5800CCCA5E /* Frameworks */,
				F0E656D024F79E5800CCCA5E /* Resources */,
			);
			buildRules = (
			);
			dependencies = (
				F0E656D424F79E5800CCCA5E /* PBXTargetDependency */,
			);
			name = Day05Tests;
			productName = Day05Tests;
			productReference = F0E656D224F79E5800CCCA5E /* Day05Tests.xctest */;
			productType = "com.apple.product-type.bundle.unit-test";
		};
		F0E656DC24F79E5800CCCA5E /* Day05UITests */ = {
			isa = PBXNativeTarget;
			buildConfigurationList = F0E656EC24F79E5800CCCA5E /* Build configuration list for PBXNativeTarget "Day05UITests" */;
			buildPhases = (
				F0E656D924F79E5800CCCA5E /* Sources */,
				F0E656DA24F79E5800CCCA5E /* Frameworks */,
				F0E656DB24F79E5800CCCA5E /* Resources */,
			);
			buildRules = (
			);
			dependencies = (
				F0E656DF24F79E5800CCCA5E /* PBXTargetDependency */,
			);
			name = Day05UITests;
			productName = Day05UITests;
			productReference = F0E656DD24F79E5800CCCA5E /* Day05UITests.xctest */;
			productType = "com.apple.product-type.bundle.ui-testing";
		};
/* End PBXNativeTarget section */

/* Begin PBXProject section */
		F0E656B424F79E5400CCCA5E /* Project object */ = {
			isa = PBXProject;
			attributes = {
				LastSwiftUpdateCheck = 1160;
				LastUpgradeCheck = 1160;
				ORGANIZATIONNAME = hjun;
				TargetAttributes = {
					F0E656BB24F79E5400CCCA5E = {
						CreatedOnToolsVersion = 11.6;
					};
					F0E656D124F79E5800CCCA5E = {
						CreatedOnToolsVersion = 11.6;
						TestTargetID = F0E656BB24F79E5400CCCA5E;
					};
					F0E656DC24F79E5800CCCA5E = {
						CreatedOnToolsVersion = 11.6;
						TestTargetID = F0E656BB24F79E5400CCCA5E;
					};
				};
			};
			buildConfigurationList = F0E656B724F79E5400CCCA5E /* Build configuration list for PBXProject "Day05" */;
			compatibilityVersion = "Xcode 9.3";
			developmentRegion = en;
			hasScannedForEncodings = 0;
			knownRegions = (
				en,
				Base,
			);
			mainGroup = F0E656B324F79E5400CCCA5E;
			productRefGroup = F0E656BD24F79E5400CCCA5E /* Products */;
			projectDirPath = "";
			projectRoot = "";
			targets = (
				F0E656BB24F79E5400CCCA5E /* Day05 */,
				F0E656D124F79E5800CCCA5E /* Day05Tests */,
				F0E656DC24F79E5800CCCA5E /* Day05UITests */,
			);
		};
/* End PBXProject section */

/* Begin PBXResourcesBuildPhase section */
		F0E656BA24F79E5400CCCA5E /* Resources */ = {
			isa = PBXResourcesBuildPhase;
			buildActionMask = 2147483647;
			files = (
				F0E656CC24F79E5700CCCA5E /* LaunchScreen.storyboard in Resources */,
				F0E656C924F79E5700CCCA5E /* Assets.xcassets in Resources */,
				F0E656C724F79E5400CCCA5E /* Main.storyboard in Resources */,
			);
			runOnlyForDeploymentPostprocessing = 0;
		};
		F0E656D024F79E5800CCCA5E /* Resources */ = {
			isa = PBXResourcesBuildPhase;
			buildActionMask = 2147483647;
			files = (
			);
			runOnlyForDeploymentPostprocessing = 0;
		};
		F0E656DB24F79E5800CCCA5E /* Resources */ = {
			isa = PBXResourcesBuildPhase;
			buildActionMask = 2147483647;
			files = (
			);
			runOnlyForDeploymentPostprocessing = 0;
		};
/* End PBXResourcesBuildPhase section */

/* Begin PBXSourcesBuildPhase section */
		F0E656B824F79E5400CCCA5E /* Sources */ = {
			isa = PBXSourcesBuildPhase;
			buildActionMask = 2147483647;
			files = (
				F0E656C424F79E5400CCCA5E /* ViewController.swift in Sources */,
				F0E656C024F79E5400CCCA5E /* AppDelegate.swift in Sources */,
				F0E656C224F79E5400CCCA5E /* SceneDelegate.swift in Sources */,
			);
			runOnlyForDeploymentPostprocessing = 0;
		};
		F0E656CE24F79E5800CCCA5E /* Sources */ = {
			isa = PBXSourcesBuildPhase;
			buildActionMask = 2147483647;
			files = (
				F0E656D724F79E5800CCCA5E /* Day05Tests.swift in Sources */,
			);
			runOnlyForDeploymentPostprocessing = 0;
		};
		F0E656D924F79E5800CCCA5E /* Sources */ = {
			isa = PBXSourcesBuildPhase;
			buildActionMask = 2147483647;
			files = (
				F0E656E224F79E5800CCCA5E /* Day05UITests.swift in Sources */,
			);
			runOnlyForDeploymentPostprocessing = 0;
		};
/* End PBXSourcesBuildPhase section */

/* Begin PBXTargetDependency section */
		F0E656D424F79E5800CCCA5E /* PBXTargetDependency */ = {
			isa = PBXTargetDependency;
			target = F0E656BB24F79E5400CCCA5E /* Day05 */;
			targetProxy = F0E656D324F79E5800CCCA5E /* PBXContainerItemProxy */;
		};
		F0E656DF24F79E5800CCCA5E /* PBXTargetDependency */ = {
			isa = PBXTargetDependency;
			target = F0E656BB24F79E5400CCCA5E /* Day05 */;
			targetProxy = F0E656DE24F79E5800CCCA5E /* PBXContainerItemProxy */;
		};
/* End PBXTargetDependency section */

/* Begin PBXVariantGroup section */
		F0E656C524F79E5400CCCA5E /* Main.storyboard */ = {
			isa = PBXVariantGroup;
			children = (
				F0E656C624F79E5400CCCA5E /* Base */,
			);
			name = Main.storyboard;
			sourceTree = "<group>";
		};
		F0E656CA24F79E5700CCCA5E /* LaunchScreen.storyboard */ = {
			isa = PBXVariantGroup;
			children = (
				F0E656CB24F79E5700CCCA5E /* Base */,
			);
			name = LaunchScreen.storyboard;
			sourceTree = "<group>";
		};
/* End PBXVariantGroup section */

/* Begin XCBuildConfiguration section */
		F0E656E424F79E5800CCCA5E /* Debug */ = {
			isa = XCBuildConfiguration;
			buildSettings = {
				ALWAYS_SEARCH_USER_PATHS = NO;
				CLANG_ANALYZER_NONNULL = YES;
				CLANG_ANALYZER_NUMBER_OBJECT_CONVERSION = YES_AGGRESSIVE;
				CLANG_CXX_LANGUAGE_STANDARD = "gnu++14";
				CLANG_CXX_LIBRARY = "libc++";
				CLANG_ENABLE_MODULES = YES;
				CLANG_ENABLE_OBJC_ARC = YES;
				CLANG_ENABLE_OBJC_WEAK = YES;
				CLANG_WARN_BLOCK_CAPTURE_AUTORELEASING = YES;
				CLANG_WARN_BOOL_CONVERSION = YES;
				CLANG_WARN_COMMA = YES;
				CLANG_WARN_CONSTANT_CONVERSION = YES;
				CLANG_WARN_DEPRECATED_OBJC_IMPLEMENTATIONS = YES;
				CLANG_WARN_DIRECT_OBJC_ISA_USAGE = YES_ERROR;
				CLANG_WARN_DOCUMENTATION_COMMENTS = YES;
				CLANG_WARN_EMPTY_BODY = YES;
				CLANG_WARN_ENUM_CONVERSION = YES;
				CLANG_WARN_INFINITE_RECURSION = YES;
				CLANG_WARN_INT_CONVERSION = YES;
				CLANG_WARN_NON_LITERAL_NULL_CONVERSION = YES;
				CLANG_WARN_OBJC_IMPLICIT_RETAIN_SELF = YES;
				CLANG_WARN_OBJC_LITERAL_CONVERSION = YES;
				CLANG_WARN_OBJC_ROOT_CLASS = YES_ERROR;
				CLANG_WARN_RANGE_LOOP_ANALYSIS = YES;
				CLANG_WARN_STRICT_PROTOTYPES = YES;
				CLANG_WARN_SUSPICIOUS_MOVE = YES;
				CLANG_WARN_UNGUARDED_AVAILABILITY = YES_AGGRESSIVE;
				CLANG_WARN_UNREACHABLE_CODE = YES;
				CLANG_WARN__DUPLICATE_METHOD_MATCH = YES;
				COPY_PHASE_STRIP = NO;
				DEBUG_INFORMATION_FORMAT = dwarf;
				ENABLE_STRICT_OBJC_MSGSEND = YES;
				ENABLE_TESTABILITY = YES;
				GCC_C_LANGUAGE_STANDARD = gnu11;
				GCC_DYNAMIC_NO_PIC = NO;
				GCC_NO_COMMON_BLOCKS = YES;
				GCC_OPTIMIZATION_LEVEL = 0;
				GCC_PREPROCESSOR_DEFINITIONS = (
					"DEBUG=1",
					"$(inherited)",
				);
				GCC_WARN_64_TO_32_BIT_CONVERSION = YES;
				GCC_WARN_ABOUT_RETURN_TYPE = YES_ERROR;
				GCC_WARN_UNDECLARED_SELECTOR = YES;
				GCC_WARN_UNINITIALIZED_AUTOS = YES_AGGRESSIVE;
				GCC_WARN_UNUSED_FUNCTION = YES;
				GCC_WARN_UNUSED_VARIABLE = YES;
				IPHONEOS_DEPLOYMENT_TARGET = 13.6;
				MTL_ENABLE_DEBUG_INFO = INCLUDE_SOURCE;
				MTL_FAST_MATH = YES;
				ONLY_ACTIVE_ARCH = YES;
				SDKROOT = iphoneos;
				SWIFT_ACTIVE_COMPILATION_CONDITIONS = DEBUG;
				SWIFT_OPTIMIZATION_LEVEL = "-Onone";
			};
			name = Debug;
		};
		F0E656E524F79E5800CCCA5E /* Release */ = {
			isa = XCBuildConfiguration;
			buildSettings = {
				ALWAYS_SEARCH_USER_PATHS = NO;
				CLANG_ANALYZER_NONNULL = YES;
				CLANG_ANALYZER_NUMBER_OBJECT_CONVERSION = YES_AGGRESSIVE;
				CLANG_CXX_LANGUAGE_STANDARD = "gnu++14";
				CLANG_CXX_LIBRARY = "libc++";
				CLANG_ENABLE_MODULES = YES;
				CLANG_ENABLE_OBJC_ARC = YES;
				CLANG_ENABLE_OBJC_WEAK = YES;
				CLANG_WARN_BLOCK_CAPTURE_AUTORELEASING = YES;
				CLANG_WARN_BOOL_CONVERSION = YES;
				CLANG_WARN_COMMA = YES;
				CLANG_WARN_CONSTANT_CONVERSION = YES;
				CLANG_WARN_DEPRECATED_OBJC_IMPLEMENTATIONS = YES;
				CLANG_WARN_DIRECT_OBJC_ISA_USAGE = YES_ERROR;
				CLANG_WARN_DOCUMENTATION_COMMENTS = YES;
				CLANG_WARN_EMPTY_BODY = YES;
				CLANG_WARN_ENUM_CONVERSION = YES;
				CLANG_WARN_INFINITE_RECURSION = YES;
				CLANG_WARN_INT_CONVERSION = YES;
				CLANG_WARN_NON_LITERAL_NULL_CONVERSION = YES;
				CLANG_WARN_OBJC_IMPLICIT_RETAIN_SELF = YES;
				CLANG_WARN_OBJC_LITERAL_CONVERSION = YES;
				CLANG_WARN_OBJC_ROOT_CLASS = YES_ERROR;
				CLANG_WARN_RANGE_LOOP_ANALYSIS = YES;
				CLANG_WARN_STRICT_PROTOTYPES = YES;
				CLANG_WARN_SUSPICIOUS_MOVE = YES;
				CLANG_WARN_UNGUARDED_AVAILABILITY = YES_AGGRESSIVE;
				CLANG_WARN_UNREACHABLE_CODE = YES;
				CLANG_WARN__DUPLICATE_METHOD_MATCH = YES;
				COPY_PHASE_STRIP = NO;
				DEBUG_INFORMATION_FORMAT = "dwarf-with-dsym";
				ENABLE_NS_ASSERTIONS = NO;
				ENABLE_STRICT_OBJC_MSGSEND = YES;
				GCC_C_LANGUAGE_STANDARD = gnu11;
				GCC_NO_COMMON_BLOCKS = YES;
				GCC_WARN_64_TO_32_BIT_CONVERSION = YES;
				GCC_WARN_ABOUT_RETURN_TYPE = YES_ERROR;
				GCC_WARN_UNDECLARED_SELECTOR = YES;
				GCC_WARN_UNINITIALIZED_AUTOS = YES_AGGRESSIVE;
				GCC_WARN_UNUSED_FUNCTION = YES;
				GCC_WARN_UNUSED_VARIABLE = YES;
				IPHONEOS_DEPLOYMENT_TARGET = 13.6;
				MTL_ENABLE_DEBUG_INFO = NO;
				MTL_FAST_MATH = YES;
				SDKROOT = iphoneos;
				SWIFT_COMPILATION_MODE = wholemodule;
				SWIFT_OPTIMIZATION_LEVEL = "-O";
				VALIDATE_PRODUCT = YES;
			};
			name = Release;
		};
		F0E656E724F79E5800CCCA5E /* Debug */ = {
			isa = XCBuildConfiguration;
			buildSettings = {
				ASSETCATALOG_COMPILER_APPICON_NAME = AppIcon;
				CODE_SIGN_STYLE = Automatic;
				DEVELOPMENT_TEAM = 85UUFC9YM9;
				INFOPLIST_FILE = Day05/Info.plist;
				LD_RUNPATH_SEARCH_PATHS = (
					"$(inherited)",
					"@executable_path/Frameworks",
				);
				PRODUCT_BUNDLE_IDENTIFIER = GD.Day05;
				PRODUCT_NAME = "$(TARGET_NAME)";
				SWIFT_VERSION = 5.0;
				TARGETED_DEVICE_FAMILY = "1,2";
			};
			name = Debug;
		};
		F0E656E824F79E5800CCCA5E /* Release */ = {
			isa = XCBuildConfiguration;
			buildSettings = {
				ASSETCATALOG_COMPILER_APPICON_NAME = AppIcon;
				CODE_SIGN_STYLE = Automatic;
				DEVELOPMENT_TEAM = 85UUFC9YM9;
				INFOPLIST_FILE = Day05/Info.plist;
				LD_RUNPATH_SEARCH_PATHS = (
					"$(inherited)",
					"@executable_path/Frameworks",
				);
				PRODUCT_BUNDLE_IDENTIFIER = GD.Day05;
				PRODUCT_NAME = "$(TARGET_NAME)";
				SWIFT_VERSION = 5.0;
				TARGETED_DEVICE_FAMILY = "1,2";
			};
			name = Release;
		};
		F0E656EA24F79E5800CCCA5E /* Debug */ = {
			isa = XCBuildConfiguration;
			buildSettings = {
				ALWAYS_EMBED_SWIFT_STANDARD_LIBRARIES = YES;
				BUNDLE_LOADER = "$(TEST_HOST)";
				CODE_SIGN_STYLE = Automatic;
				DEVELOPMENT_TEAM = 85UUFC9YM9;
				INFOPLIST_FILE = Day05Tests/Info.plist;
				IPHONEOS_DEPLOYMENT_TARGET = 13.6;
				LD_RUNPATH_SEARCH_PATHS = (
					"$(inherited)",
					"@executable_path/Frameworks",
					"@loader_path/Frameworks",
				);
				PRODUCT_BUNDLE_IDENTIFIER = GD.Day05Tests;
				PRODUCT_NAME = "$(TARGET_NAME)";
				SWIFT_VERSION = 5.0;
				TARGETED_DEVICE_FAMILY = "1,2";
				TEST_HOST = "$(BUILT_PRODUCTS_DIR)/Day05.app/Day05";
			};
			name = Debug;
		};
		F0E656EB24F79E5800CCCA5E /* Release */ = {
			isa = XCBuildConfiguration;
			buildSettings = {
				ALWAYS_EMBED_SWIFT_STANDARD_LIBRARIES = YES;
				BUNDLE_LOADER = "$(TEST_HOST)";
				CODE_SIGN_STYLE = Automatic;
				DEVELOPMENT_TEAM = 85UUFC9YM9;
				INFOPLIST_FILE = Day05Tests/Info.plist;
				IPHONEOS_DEPLOYMENT_TARGET = 13.6;
				LD_RUNPATH_SEARCH_PATHS = (
					"$(inherited)",
					"@executable_path/Frameworks",
					"@loader_path/Frameworks",
				);
				PRODUCT_BUNDLE_IDENTIFIER = GD.Day05Tests;
				PRODUCT_NAME = "$(TARGET_NAME)";
				SWIFT_VERSION = 5.0;
				TARGETED_DEVICE_FAMILY = "1,2";
				TEST_HOST = "$(BUILT_PRODUCTS_DIR)/Day05.app/Day05";
			};
			name = Release;
		};
		F0E656ED24F79E5800CCCA5E /* Debug */ = {
			isa = XCBuildConfiguration;
			buildSettings = {
				ALWAYS_EMBED_SWIFT_STANDARD_LIBRARIES = YES;
				CODE_SIGN_STYLE = Automatic;
				DEVELOPMENT_TEAM = 85UUFC9YM9;
				INFOPLIST_FILE = Day05UITests/Info.plist;
				LD_RUNPATH_SEARCH_PATHS = (
					"$(inherited)",
					"@executable_path/Frameworks",
					"@loader_path/Frameworks",
				);
				PRODUCT_BUNDLE_IDENTIFIER = GD.Day05UITests;
				PRODUCT_NAME = "$(TARGET_NAME)";
				SWIFT_VERSION = 5.0;
				TARGETED_DEVICE_FAMILY = "1,2";
				TEST_TARGET_NAME = Day05;
			};
			name = Debug;
		};
		F0E656EE24F79E5800CCCA5E /* Release */ = {
			isa = XCBuildConfiguration;
			buildSettings = {
				ALWAYS_EMBED_SWIFT_STANDARD_LIBRARIES = YES;
				CODE_SIGN_STYLE = Automatic;
				DEVELOPMENT_TEAM = 85UUFC9YM9;
				INFOPLIST_FILE = Day05UITests/Info.plist;
				LD_RUNPATH_SEARCH_PATHS = (
					"$(inherited)",
					"@executable_path/Frameworks",
					"@loader_path/Frameworks",
				);
				PRODUCT_BUNDLE_IDENTIFIER = GD.Day05UITests;
				PRODUCT_NAME = "$(TARGET_NAME)";
				SWIFT_VERSION = 5.0;
				TARGETED_DEVICE_FAMILY = "1,2";
				TEST_TARGET_NAME = Day05;
			};
			name = Release;
		};
/* End XCBuildConfiguration section */

/* Begin XCConfigurationList section */
		F0E656B724F79E5400CCCA5E /* Build configuration list for PBXProject "Day05" */ = {
			isa = XCConfigurationList;
			buildConfigurations = (
				F0E656E424F79E5800CCCA5E /* Debug */,
				F0E656E524F79E5800CCCA5E /* Release */,
			);
			defaultConfigurationIsVisible = 0;
			defaultConfigurationName = Release;
		};
		F0E656E624F79E5800CCCA5E /* Build configuration list for PBXNativeTarget "Day05" */ = {
			isa = XCConfigurationList;
			buildConfigurations = (
				F0E656E724F79E5800CCCA5E /* Debug */,
				F0E656E824F79E5800CCCA5E /* Release */,
			);
			defaultConfigurationIsVisible = 0;
			defaultConfigurationName = Release;
		};
		F0E656E924F79E5800CCCA5E /* Build configuration list for PBXNativeTarget "Day05Tests" */ = {
			isa = XCConfigurationList;
			buildConfigurations = (
				F0E656EA24F79E5800CCCA5E /* Debug */,
				F0E656EB24F79E5800CCCA5E /* Release */,
			);
			defaultConfigurationIsVisible = 0;
			defaultConfigurationName = Release;
		};
		F0E656EC24F79E5800CCCA5E /* Build configuration list for PBXNativeTarget "Day05UITests" */ = {
			isa = XCConfigurationList;
			buildConfigurations = (
				F0E656ED24F79E5800CCCA5E /* Debug */,
				F0E656EE24F79E5800CCCA5E /* Release */,
			);
			defaultConfigurationIsVisible = 0;
			defaultConfigurationName = Release;
		};
/* End XCConfigurationList section */
	};
	rootObject = F0E656B424F79E5400CCCA5E /* Project object */;
}
