// !$*UTF8*$!
{
	archiveVersion = 1;
	classes = {
	};
	objectVersion = 50;
	objects = {

/* Begin PBXBuildFile section */
		F008E3D824EF9DF000B0EE48 /* AppDelegate.swift in Sources */ = {isa = PBXBuildFile; fileRef = F008E3D724EF9DF000B0EE48 /* AppDelegate.swift */; };
		F008E3DA24EF9DF000B0EE48 /* SceneDelegate.swift in Sources */ = {isa = PBXBuildFile; fileRef = F008E3D924EF9DF000B0EE48 /* SceneDelegate.swift */; };
		F008E3DC24EF9DF000B0EE48 /* ViewController.swift in Sources */ = {isa = PBXBuildFile; fileRef = F008E3DB24EF9DF000B0EE48 /* ViewController.swift */; };
		F008E3DF24EF9DF000B0EE48 /* Main.storyboard in Resources */ = {isa = PBXBuildFile; fileRef = F008E3DD24EF9DF000B0EE48 /* Main.storyboard */; };
		F008E3E224EF9DF000B0EE48 /* swift30days.xcdatamodeld in Sources */ = {isa = PBXBuildFile; fileRef = F008E3E024EF9DF000B0EE48 /* swift30days.xcdatamodeld */; };
		F008E3E424EF9DF600B0EE48 /* Assets.xcassets in Resources */ = {isa = PBXBuildFile; fileRef = F008E3E324EF9DF600B0EE48 /* Assets.xcassets */; };
		F008E3E724EF9DF600B0EE48 /* LaunchScreen.storyboard in Resources */ = {isa = PBXBuildFile; fileRef = F008E3E524EF9DF600B0EE48 /* LaunchScreen.storyboard */; };
		F008E3F224EF9DF600B0EE48 /* swift30daysTests.swift in Sources */ = {isa = PBXBuildFile; fileRef = F008E3F124EF9DF600B0EE48 /* swift30daysTests.swift */; };
		F008E3FD24EF9DF700B0EE48 /* swift30daysUITests.swift in Sources */ = {isa = PBXBuildFile; fileRef = F008E3FC24EF9DF700B0EE48 /* swift30daysUITests.swift */; };
/* End PBXBuildFile section */

/* Begin PBXContainerItemProxy section */
		F008E3EE24EF9DF600B0EE48 /* PBXContainerItemProxy */ = {
			isa = PBXContainerItemProxy;
			containerPortal = F008E3CC24EF9DF000B0EE48 /* Project object */;
			proxyType = 1;
			remoteGlobalIDString = F008E3D324EF9DF000B0EE48;
			remoteInfo = swift30days;
		};
		F008E3F924EF9DF700B0EE48 /* PBXContainerItemProxy */ = {
			isa = PBXContainerItemProxy;
			containerPortal = F008E3CC24EF9DF000B0EE48 /* Project object */;
			proxyType = 1;
			remoteGlobalIDString = F008E3D324EF9DF000B0EE48;
			remoteInfo = swift30days;
		};
/* End PBXContainerItemProxy section */

/* Begin PBXFileReference section */
		F008E3D424EF9DF000B0EE48 /* swift30days.app */ = {isa = PBXFileReference; explicitFileType = wrapper.application; includeInIndex = 0; path = swift30days.app; sourceTree = BUILT_PRODUCTS_DIR; };
		F008E3D724EF9DF000B0EE48 /* AppDelegate.swift */ = {isa = PBXFileReference; lastKnownFileType = sourcecode.swift; path = AppDelegate.swift; sourceTree = "<group>"; };
		F008E3D924EF9DF000B0EE48 /* SceneDelegate.swift */ = {isa = PBXFileReference; lastKnownFileType = sourcecode.swift; path = SceneDelegate.swift; sourceTree = "<group>"; };
		F008E3DB24EF9DF000B0EE48 /* ViewController.swift */ = {isa = PBXFileReference; lastKnownFileType = sourcecode.swift; path = ViewController.swift; sourceTree = "<group>"; };
		F008E3DE24EF9DF000B0EE48 /* Base */ = {isa = PBXFileReference; lastKnownFileType = file.storyboard; name = Base; path = Base.lproj/Main.storyboard; sourceTree = "<group>"; };
		F008E3E124EF9DF000B0EE48 /* swift30days.xcdatamodel */ = {isa = PBXFileReference; lastKnownFileType = wrapper.xcdatamodel; path = swift30days.xcdatamodel; sourceTree = "<group>"; };
		F008E3E324EF9DF600B0EE48 /* Assets.xcassets */ = {isa = PBXFileReference; lastKnownFileType = folder.assetcatalog; path = Assets.xcassets; sourceTree = "<group>"; };
		F008E3E624EF9DF600B0EE48 /* Base */ = {isa = PBXFileReference; lastKnownFileType = file.storyboard; name = Base; path = Base.lproj/LaunchScreen.storyboard; sourceTree = "<group>"; };
		F008E3E824EF9DF600B0EE48 /* Info.plist */ = {isa = PBXFileReference; lastKnownFileType = text.plist.xml; path = Info.plist; sourceTree = "<group>"; };
		F008E3ED24EF9DF600B0EE48 /* swift30daysTests.xctest */ = {isa = PBXFileReference; explicitFileType = wrapper.cfbundle; includeInIndex = 0; path = swift30daysTests.xctest; sourceTree = BUILT_PRODUCTS_DIR; };
		F008E3F124EF9DF600B0EE48 /* swift30daysTests.swift */ = {isa = PBXFileReference; lastKnownFileType = sourcecode.swift; path = swift30daysTests.swift; sourceTree = "<group>"; };
		F008E3F324EF9DF600B0EE48 /* Info.plist */ = {isa = PBXFileReference; lastKnownFileType = text.plist.xml; path = Info.plist; sourceTree = "<group>"; };
		F008E3F824EF9DF600B0EE48 /* swift30daysUITests.xctest */ = {isa = PBXFileReference; explicitFileType = wrapper.cfbundle; includeInIndex = 0; path = swift30daysUITests.xctest; sourceTree = BUILT_PRODUCTS_DIR; };
		F008E3FC24EF9DF700B0EE48 /* swift30daysUITests.swift */ = {isa = PBXFileReference; lastKnownFileType = sourcecode.swift; path = swift30daysUITests.swift; sourceTree = "<group>"; };
		F008E3FE24EF9DF700B0EE48 /* Info.plist */ = {isa = PBXFileReference; lastKnownFileType = text.plist.xml; path = Info.plist; sourceTree = "<group>"; };
/* End PBXFileReference section */

/* Begin PBXFrameworksBuildPhase section */
		F008E3D124EF9DF000B0EE48 /* Frameworks */ = {
			isa = PBXFrameworksBuildPhase;
			buildActionMask = 2147483647;
			files = (
			);
			runOnlyForDeploymentPostprocessing = 0;
		};
		F008E3EA24EF9DF600B0EE48 /* Frameworks */ = {
			isa = PBXFrameworksBuildPhase;
			buildActionMask = 2147483647;
			files = (
			);
			runOnlyForDeploymentPostprocessing = 0;
		};
		F008E3F524EF9DF600B0EE48 /* Frameworks */ = {
			isa = PBXFrameworksBuildPhase;
			buildActionMask = 2147483647;
			files = (
			);
			runOnlyForDeploymentPostprocessing = 0;
		};
/* End PBXFrameworksBuildPhase section */

/* Begin PBXGroup section */
		F008E3CB24EF9DF000B0EE48 = {
			isa = PBXGroup;
			children = (
				F008E3D624EF9DF000B0EE48 /* swift30days */,
				F008E3F024EF9DF600B0EE48 /* swift30daysTests */,
				F008E3FB24EF9DF700B0EE48 /* swift30daysUITests */,
				F008E3D524EF9DF000B0EE48 /* Products */,
			);
			sourceTree = "<group>";
		};
		F008E3D524EF9DF000B0EE48 /* Products */ = {
			isa = PBXGroup;
			children = (
				F008E3D424EF9DF000B0EE48 /* swift30days.app */,
				F008E3ED24EF9DF600B0EE48 /* swift30daysTests.xctest */,
				F008E3F824EF9DF600B0EE48 /* swift30daysUITests.xctest */,
			);
			name = Products;
			sourceTree = "<group>";
		};
		F008E3D624EF9DF000B0EE48 /* swift30days */ = {
			isa = PBXGroup;
			children = (
				F008E3D724EF9DF000B0EE48 /* AppDelegate.swift */,
				F008E3D924EF9DF000B0EE48 /* SceneDelegate.swift */,
				F008E3DB24EF9DF000B0EE48 /* ViewController.swift */,
				F008E3DD24EF9DF000B0EE48 /* Main.storyboard */,
				F008E3E324EF9DF600B0EE48 /* Assets.xcassets */,
				F008E3E524EF9DF600B0EE48 /* LaunchScreen.storyboard */,
				F008E3E824EF9DF600B0EE48 /* Info.plist */,
				F008E3E024EF9DF000B0EE48 /* swift30days.xcdatamodeld */,
			);
			path = swift30days;
			sourceTree = "<group>";
		};
		F008E3F024EF9DF600B0EE48 /* swift30daysTests */ = {
			isa = PBXGroup;
			children = (
				F008E3F124EF9DF600B0EE48 /* swift30daysTests.swift */,
				F008E3F324EF9DF600B0EE48 /* Info.plist */,
			);
			path = swift30daysTests;
			sourceTree = "<group>";
		};
		F008E3FB24EF9DF700B0EE48 /* swift30daysUITests */ = {
			isa = PBXGroup;
			children = (
				F008E3FC24EF9DF700B0EE48 /* swift30daysUITests.swift */,
				F008E3FE24EF9DF700B0EE48 /* Info.plist */,
			);
			path = swift30daysUITests;
			sourceTree = "<group>";
		};
/* End PBXGroup section */

/* Begin PBXNativeTarget section */
		F008E3D324EF9DF000B0EE48 /* swift30days */ = {
			isa = PBXNativeTarget;
			buildConfigurationList = F008E40124EF9DF700B0EE48 /* Build configuration list for PBXNativeTarget "swift30days" */;
			buildPhases = (
				F008E3D024EF9DF000B0EE48 /* Sources */,
				F008E3D124EF9DF000B0EE48 /* Frameworks */,
				F008E3D224EF9DF000B0EE48 /* Resources */,
			);
			buildRules = (
			);
			dependencies = (
			);
			name = swift30days;
			productName = swift30days;
			productReference = F008E3D424EF9DF000B0EE48 /* swift30days.app */;
			productType = "com.apple.product-type.application";
		};
		F008E3EC24EF9DF600B0EE48 /* swift30daysTests */ = {
			isa = PBXNativeTarget;
			buildConfigurationList = F008E40424EF9DF700B0EE48 /* Build configuration list for PBXNativeTarget "swift30daysTests" */;
			buildPhases = (
				F008E3E924EF9DF600B0EE48 /* Sources */,
				F008E3EA24EF9DF600B0EE48 /* Frameworks */,
				F008E3EB24EF9DF600B0EE48 /* Resources */,
			);
			buildRules = (
			);
			dependencies = (
				F008E3EF24EF9DF600B0EE48 /* PBXTargetDependency */,
			);
			name = swift30daysTests;
			productName = swift30daysTests;
			productReference = F008E3ED24EF9DF600B0EE48 /* swift30daysTests.xctest */;
			productType = "com.apple.product-type.bundle.unit-test";
		};
		F008E3F724EF9DF600B0EE48 /* swift30daysUITests */ = {
			isa = PBXNativeTarget;
			buildConfigurationList = F008E40724EF9DF700B0EE48 /* Build configuration list for PBXNativeTarget "swift30daysUITests" */;
			buildPhases = (
				F008E3F424EF9DF600B0EE48 /* Sources */,
				F008E3F524EF9DF600B0EE48 /* Frameworks */,
				F008E3F624EF9DF600B0EE48 /* Resources */,
			);
			buildRules = (
			);
			dependencies = (
				F008E3FA24EF9DF700B0EE48 /* PBXTargetDependency */,
			);
			name = swift30daysUITests;
			productName = swift30daysUITests;
			productReference = F008E3F824EF9DF600B0EE48 /* swift30daysUITests.xctest */;
			productType = "com.apple.product-type.bundle.ui-testing";
		};
/* End PBXNativeTarget section */

/* Begin PBXProject section */
		F008E3CC24EF9DF000B0EE48 /* Project object */ = {
			isa = PBXProject;
			attributes = {
				LastSwiftUpdateCheck = 1150;
				LastUpgradeCheck = 1150;
				ORGANIZATIONNAME = GD;
				TargetAttributes = {
					F008E3D324EF9DF000B0EE48 = {
						CreatedOnToolsVersion = 11.5;
					};
					F008E3EC24EF9DF600B0EE48 = {
						CreatedOnToolsVersion = 11.5;
						TestTargetID = F008E3D324EF9DF000B0EE48;
					};
					F008E3F724EF9DF600B0EE48 = {
						CreatedOnToolsVersion = 11.5;
						TestTargetID = F008E3D324EF9DF000B0EE48;
					};
				};
			};
			buildConfigurationList = F008E3CF24EF9DF000B0EE48 /* Build configuration list for PBXProject "swift30days" */;
			compatibilityVersion = "Xcode 9.3";
			developmentRegion = en;
			hasScannedForEncodings = 0;
			knownRegions = (
				en,
				Base,
			);
			mainGroup = F008E3CB24EF9DF000B0EE48;
			productRefGroup = F008E3D524EF9DF000B0EE48 /* Products */;
			projectDirPath = "";
			projectRoot = "";
			targets = (
				F008E3D324EF9DF000B0EE48 /* swift30days */,
				F008E3EC24EF9DF600B0EE48 /* swift30daysTests */,
				F008E3F724EF9DF600B0EE48 /* swift30daysUITests */,
			);
		};
/* End PBXProject section */

/* Begin PBXResourcesBuildPhase section */
		F008E3D224EF9DF000B0EE48 /* Resources */ = {
			isa = PBXResourcesBuildPhase;
			buildActionMask = 2147483647;
			files = (
				F008E3E724EF9DF600B0EE48 /* LaunchScreen.storyboard in Resources */,
				F008E3E424EF9DF600B0EE48 /* Assets.xcassets in Resources */,
				F008E3DF24EF9DF000B0EE48 /* Main.storyboard in Resources */,
			);
			runOnlyForDeploymentPostprocessing = 0;
		};
		F008E3EB24EF9DF600B0EE48 /* Resources */ = {
			isa = PBXResourcesBuildPhase;
			buildActionMask = 2147483647;
			files = (
			);
			runOnlyForDeploymentPostprocessing = 0;
		};
		F008E3F624EF9DF600B0EE48 /* Resources */ = {
			isa = PBXResourcesBuildPhase;
			buildActionMask = 2147483647;
			files = (
			);
			runOnlyForDeploymentPostprocessing = 0;
		};
/* End PBXResourcesBuildPhase section */

/* Begin PBXSourcesBuildPhase section */
		F008E3D024EF9DF000B0EE48 /* Sources */ = {
			isa = PBXSourcesBuildPhase;
			buildActionMask = 2147483647;
			files = (
				F008E3DC24EF9DF000B0EE48 /* ViewController.swift in Sources */,
				F008E3E224EF9DF000B0EE48 /* swift30days.xcdatamodeld in Sources */,
				F008E3D824EF9DF000B0EE48 /* AppDelegate.swift in Sources */,
				F008E3DA24EF9DF000B0EE48 /* SceneDelegate.swift in Sources */,
			);
			runOnlyForDeploymentPostprocessing = 0;
		};
		F008E3E924EF9DF600B0EE48 /* Sources */ = {
			isa = PBXSourcesBuildPhase;
			buildActionMask = 2147483647;
			files = (
				F008E3F224EF9DF600B0EE48 /* swift30daysTests.swift in Sources */,
			);
			runOnlyForDeploymentPostprocessing = 0;
		};
		F008E3F424EF9DF600B0EE48 /* Sources */ = {
			isa = PBXSourcesBuildPhase;
			buildActionMask = 2147483647;
			files = (
				F008E3FD24EF9DF700B0EE48 /* swift30daysUITests.swift in Sources */,
			);
			runOnlyForDeploymentPostprocessing = 0;
		};
/* End PBXSourcesBuildPhase section */

/* Begin PBXTargetDependency section */
		F008E3EF24EF9DF600B0EE48 /* PBXTargetDependency */ = {
			isa = PBXTargetDependency;
			target = F008E3D324EF9DF000B0EE48 /* swift30days */;
			targetProxy = F008E3EE24EF9DF600B0EE48 /* PBXContainerItemProxy */;
		};
		F008E3FA24EF9DF700B0EE48 /* PBXTargetDependency */ = {
			isa = PBXTargetDependency;
			target = F008E3D324EF9DF000B0EE48 /* swift30days */;
			targetProxy = F008E3F924EF9DF700B0EE48 /* PBXContainerItemProxy */;
		};
/* End PBXTargetDependency section */

/* Begin PBXVariantGroup section */
		F008E3DD24EF9DF000B0EE48 /* Main.storyboard */ = {
			isa = PBXVariantGroup;
			children = (
				F008E3DE24EF9DF000B0EE48 /* Base */,
			);
			name = Main.storyboard;
			sourceTree = "<group>";
		};
		F008E3E524EF9DF600B0EE48 /* LaunchScreen.storyboard */ = {
			isa = PBXVariantGroup;
			children = (
				F008E3E624EF9DF600B0EE48 /* Base */,
			);
			name = LaunchScreen.storyboard;
			sourceTree = "<group>";
		};
/* End PBXVariantGroup section */

/* Begin XCBuildConfiguration section */
		F008E3FF24EF9DF700B0EE48 /* Debug */ = {
			isa = XCBuildConfiguration;
			buildSettings = {
				ALWAYS_SEARCH_USER_PATHS = NO;
				CLANG_ANALYZER_NONNULL = YES;
				CLANG_ANALYZER_NUMBER_OBJECT_CONVERSION = YES_AGGRESSIVE;
				CLANG_CXX_LANGUAGE_STANDARD = "gnu++14";
				CLANG_CXX_LIBRARY = "libc++";
				CLANG_ENABLE_MODULES = YES;
				CLANG_ENABLE_OBJC_ARC = YES;
				CLANG_ENABLE_OBJC_WEAK = YES;
				CLANG_WARN_BLOCK_CAPTURE_AUTORELEASING = YES;
				CLANG_WARN_BOOL_CONVERSION = YES;
				CLANG_WARN_COMMA = YES;
				CLANG_WARN_CONSTANT_CONVERSION = YES;
				CLANG_WARN_DEPRECATED_OBJC_IMPLEMENTATIONS = YES;
				CLANG_WARN_DIRECT_OBJC_ISA_USAGE = YES_ERROR;
				CLANG_WARN_DOCUMENTATION_COMMENTS = YES;
				CLANG_WARN_EMPTY_BODY = YES;
				CLANG_WARN_ENUM_CONVERSION = YES;
				CLANG_WARN_INFINITE_RECURSION = YES;
				CLANG_WARN_INT_CONVERSION = YES;
				CLANG_WARN_NON_LITERAL_NULL_CONVERSION = YES;
				CLANG_WARN_OBJC_IMPLICIT_RETAIN_SELF = YES;
				CLANG_WARN_OBJC_LITERAL_CONVERSION = YES;
				CLANG_WARN_OBJC_ROOT_CLASS = YES_ERROR;
				CLANG_WARN_RANGE_LOOP_ANALYSIS = YES;
				CLANG_WARN_STRICT_PROTOTYPES = YES;
				CLANG_WARN_SUSPICIOUS_MOVE = YES;
				CLANG_WARN_UNGUARDED_AVAILABILITY = YES_AGGRESSIVE;
				CLANG_WARN_UNREACHABLE_CODE = YES;
				CLANG_WARN__DUPLICATE_METHOD_MATCH = YES;
				COPY_PHASE_STRIP = NO;
				DEBUG_INFORMATION_FORMAT = dwarf;
				ENABLE_STRICT_OBJC_MSGSEND = YES;
				ENABLE_TESTABILITY = YES;
				GCC_C_LANGUAGE_STANDARD = gnu11;
				GCC_DYNAMIC_NO_PIC = NO;
				GCC_NO_COMMON_BLOCKS = YES;
				GCC_OPTIMIZATION_LEVEL = 0;
				GCC_PREPROCESSOR_DEFINITIONS = (
					"DEBUG=1",
					"$(inherited)",
				);
				GCC_WARN_64_TO_32_BIT_CONVERSION = YES;
				GCC_WARN_ABOUT_RETURN_TYPE = YES_ERROR;
				GCC_WARN_UNDECLARED_SELECTOR = YES;
				GCC_WARN_UNINITIALIZED_AUTOS = YES_AGGRESSIVE;
				GCC_WARN_UNUSED_FUNCTION = YES;
				GCC_WARN_UNUSED_VARIABLE = YES;
				IPHONEOS_DEPLOYMENT_TARGET = 13.5;
				MTL_ENABLE_DEBUG_INFO = INCLUDE_SOURCE;
				MTL_FAST_MATH = YES;
				ONLY_ACTIVE_ARCH = YES;
				SDKROOT = iphoneos;
				SWIFT_ACTIVE_COMPILATION_CONDITIONS = DEBUG;
				SWIFT_OPTIMIZATION_LEVEL = "-Onone";
			};
			name = Debug;
		};
		F008E40024EF9DF700B0EE48 /* Release */ = {
			isa = XCBuildConfiguration;
			buildSettings = {
				ALWAYS_SEARCH_USER_PATHS = NO;
				CLANG_ANALYZER_NONNULL = YES;
				CLANG_ANALYZER_NUMBER_OBJECT_CONVERSION = YES_AGGRESSIVE;
				CLANG_CXX_LANGUAGE_STANDARD = "gnu++14";
				CLANG_CXX_LIBRARY = "libc++";
				CLANG_ENABLE_MODULES = YES;
				CLANG_ENABLE_OBJC_ARC = YES;
				CLANG_ENABLE_OBJC_WEAK = YES;
				CLANG_WARN_BLOCK_CAPTURE_AUTORELEASING = YES;
				CLANG_WARN_BOOL_CONVERSION = YES;
				CLANG_WARN_COMMA = YES;
				CLANG_WARN_CONSTANT_CONVERSION = YES;
				CLANG_WARN_DEPRECATED_OBJC_IMPLEMENTATIONS = YES;
				CLANG_WARN_DIRECT_OBJC_ISA_USAGE = YES_ERROR;
				CLANG_WARN_DOCUMENTATION_COMMENTS = YES;
				CLANG_WARN_EMPTY_BODY = YES;
				CLANG_WARN_ENUM_CONVERSION = YES;
				CLANG_WARN_INFINITE_RECURSION = YES;
				CLANG_WARN_INT_CONVERSION = YES;
				CLANG_WARN_NON_LITERAL_NULL_CONVERSION = YES;
				CLANG_WARN_OBJC_IMPLICIT_RETAIN_SELF = YES;
				CLANG_WARN_OBJC_LITERAL_CONVERSION = YES;
				CLANG_WARN_OBJC_ROOT_CLASS = YES_ERROR;
				CLANG_WARN_RANGE_LOOP_ANALYSIS = YES;
				CLANG_WARN_STRICT_PROTOTYPES = YES;
				CLANG_WARN_SUSPICIOUS_MOVE = YES;
				CLANG_WARN_UNGUARDED_AVAILABILITY = YES_AGGRESSIVE;
				CLANG_WARN_UNREACHABLE_CODE = YES;
				CLANG_WARN__DUPLICATE_METHOD_MATCH = YES;
				COPY_PHASE_STRIP = NO;
				DEBUG_INFORMATION_FORMAT = "dwarf-with-dsym";
				ENABLE_NS_ASSERTIONS = NO;
				ENABLE_STRICT_OBJC_MSGSEND = YES;
				GCC_C_LANGUAGE_STANDARD = gnu11;
				GCC_NO_COMMON_BLOCKS = YES;
				GCC_WARN_64_TO_32_BIT_CONVERSION = YES;
				GCC_WARN_ABOUT_RETURN_TYPE = YES_ERROR;
				GCC_WARN_UNDECLARED_SELECTOR = YES;
				GCC_WARN_UNINITIALIZED_AUTOS = YES_AGGRESSIVE;
				GCC_WARN_UNUSED_FUNCTION = YES;
				GCC_WARN_UNUSED_VARIABLE = YES;
				IPHONEOS_DEPLOYMENT_TARGET = 13.5;
				MTL_ENABLE_DEBUG_INFO = NO;
				MTL_FAST_MATH = YES;
				SDKROOT = iphoneos;
				SWIFT_COMPILATION_MODE = wholemodule;
				SWIFT_OPTIMIZATION_LEVEL = "-O";
				VALIDATE_PRODUCT = YES;
			};
			name = Release;
		};
		F008E40224EF9DF700B0EE48 /* Debug */ = {
			isa = XCBuildConfiguration;
			buildSettings = {
				ASSETCATALOG_COMPILER_APPICON_NAME = AppIcon;
				CODE_SIGN_STYLE = Automatic;
				DEVELOPMENT_TEAM = 85UUFC9YM9;
				INFOPLIST_FILE = swift30days/Info.plist;
				LD_RUNPATH_SEARCH_PATHS = (
					"$(inherited)",
					"@executable_path/Frameworks",
				);
				PRODUCT_BUNDLE_IDENTIFIER = com.gongde.swift30days;
				PRODUCT_NAME = "$(TARGET_NAME)";
				SWIFT_VERSION = 5.0;
				TARGETED_DEVICE_FAMILY = "1,2";
			};
			name = Debug;
		};
		F008E40324EF9DF700B0EE48 /* Release */ = {
			isa = XCBuildConfiguration;
			buildSettings = {
				ASSETCATALOG_COMPILER_APPICON_NAME = AppIcon;
				CODE_SIGN_STYLE = Automatic;
				DEVELOPMENT_TEAM = 85UUFC9YM9;
				INFOPLIST_FILE = swift30days/Info.plist;
				LD_RUNPATH_SEARCH_PATHS = (
					"$(inherited)",
					"@executable_path/Frameworks",
				);
				PRODUCT_BUNDLE_IDENTIFIER = com.gongde.swift30days;
				PRODUCT_NAME = "$(TARGET_NAME)";
				SWIFT_VERSION = 5.0;
				TARGETED_DEVICE_FAMILY = "1,2";
			};
			name = Release;
		};
		F008E40524EF9DF700B0EE48 /* Debug */ = {
			isa = XCBuildConfiguration;
			buildSettings = {
				ALWAYS_EMBED_SWIFT_STANDARD_LIBRARIES = YES;
				BUNDLE_LOADER = "$(TEST_HOST)";
				CODE_SIGN_STYLE = Automatic;
				DEVELOPMENT_TEAM = 85UUFC9YM9;
				INFOPLIST_FILE = swift30daysTests/Info.plist;
				IPHONEOS_DEPLOYMENT_TARGET = 13.5;
				LD_RUNPATH_SEARCH_PATHS = (
					"$(inherited)",
					"@executable_path/Frameworks",
					"@loader_path/Frameworks",
				);
				PRODUCT_BUNDLE_IDENTIFIER = com.gongde.swift30daysTests;
				PRODUCT_NAME = "$(TARGET_NAME)";
				SWIFT_VERSION = 5.0;
				TARGETED_DEVICE_FAMILY = "1,2";
				TEST_HOST = "$(BUILT_PRODUCTS_DIR)/swift30days.app/swift30days";
			};
			name = Debug;
		};
		F008E40624EF9DF700B0EE48 /* Release */ = {
			isa = XCBuildConfiguration;
			buildSettings = {
				ALWAYS_EMBED_SWIFT_STANDARD_LIBRARIES = YES;
				BUNDLE_LOADER = "$(TEST_HOST)";
				CODE_SIGN_STYLE = Automatic;
				DEVELOPMENT_TEAM = 85UUFC9YM9;
				INFOPLIST_FILE = swift30daysTests/Info.plist;
				IPHONEOS_DEPLOYMENT_TARGET = 13.5;
				LD_RUNPATH_SEARCH_PATHS = (
					"$(inherited)",
					"@executable_path/Frameworks",
					"@loader_path/Frameworks",
				);
				PRODUCT_BUNDLE_IDENTIFIER = com.gongde.swift30daysTests;
				PRODUCT_NAME = "$(TARGET_NAME)";
				SWIFT_VERSION = 5.0;
				TARGETED_DEVICE_FAMILY = "1,2";
				TEST_HOST = "$(BUILT_PRODUCTS_DIR)/swift30days.app/swift30days";
			};
			name = Release;
		};
		F008E40824EF9DF700B0EE48 /* Debug */ = {
			isa = XCBuildConfiguration;
			buildSettings = {
				ALWAYS_EMBED_SWIFT_STANDARD_LIBRARIES = YES;
				CODE_SIGN_STYLE = Automatic;
				DEVELOPMENT_TEAM = 85UUFC9YM9;
				INFOPLIST_FILE = swift30daysUITests/Info.plist;
				LD_RUNPATH_SEARCH_PATHS = (
					"$(inherited)",
					"@executable_path/Frameworks",
					"@loader_path/Frameworks",
				);
				PRODUCT_BUNDLE_IDENTIFIER = com.gongde.swift30daysUITests;
				PRODUCT_NAME = "$(TARGET_NAME)";
				SWIFT_VERSION = 5.0;
				TARGETED_DEVICE_FAMILY = "1,2";
				TEST_TARGET_NAME = swift30days;
			};
			name = Debug;
		};
		F008E40924EF9DF700B0EE48 /* Release */ = {
			isa = XCBuildConfiguration;
			buildSettings = {
				ALWAYS_EMBED_SWIFT_STANDARD_LIBRARIES = YES;
				CODE_SIGN_STYLE = Automatic;
				DEVELOPMENT_TEAM = 85UUFC9YM9;
				INFOPLIST_FILE = swift30daysUITests/Info.plist;
				LD_RUNPATH_SEARCH_PATHS = (
					"$(inherited)",
					"@executable_path/Frameworks",
					"@loader_path/Frameworks",
				);
				PRODUCT_BUNDLE_IDENTIFIER = com.gongde.swift30daysUITests;
				PRODUCT_NAME = "$(TARGET_NAME)";
				SWIFT_VERSION = 5.0;
				TARGETED_DEVICE_FAMILY = "1,2";
				TEST_TARGET_NAME = swift30days;
			};
			name = Release;
		};
/* End XCBuildConfiguration section */

/* Begin XCConfigurationList section */
		F008E3CF24EF9DF000B0EE48 /* Build configuration list for PBXProject "swift30days" */ = {
			isa = XCConfigurationList;
			buildConfigurations = (
				F008E3FF24EF9DF700B0EE48 /* Debug */,
				F008E40024EF9DF700B0EE48 /* Release */,
			);
			defaultConfigurationIsVisible = 0;
			defaultConfigurationName = Release;
		};
		F008E40124EF9DF700B0EE48 /* Build configuration list for PBXNativeTarget "swift30days" */ = {
			isa = XCConfigurationList;
			buildConfigurations = (
				F008E40224EF9DF700B0EE48 /* Debug */,
				F008E40324EF9DF700B0EE48 /* Release */,
			);
			defaultConfigurationIsVisible = 0;
			defaultConfigurationName = Release;
		};
		F008E40424EF9DF700B0EE48 /* Build configuration list for PBXNativeTarget "swift30daysTests" */ = {
			isa = XCConfigurationList;
			buildConfigurations = (
				F008E40524EF9DF700B0EE48 /* Debug */,
				F008E40624EF9DF700B0EE48 /* Release */,
			);
			defaultConfigurationIsVisible = 0;
			defaultConfigurationName = Release;
		};
		F008E40724EF9DF700B0EE48 /* Build configuration list for PBXNativeTarget "swift30daysUITests" */ = {
			isa = XCConfigurationList;
			buildConfigurations = (
				F008E40824EF9DF700B0EE48 /* Debug */,
				F008E40924EF9DF700B0EE48 /* Release */,
			);
			defaultConfigurationIsVisible = 0;
			defaultConfigurationName = Release;
		};
/* End XCConfigurationList section */

/* Begin XCVersionGroup section */
		F008E3E024EF9DF000B0EE48 /* swift30days.xcdatamodeld */ = {
			isa = XCVersionGroup;
			children = (
				F008E3E124EF9DF000B0EE48 /* swift30days.xcdatamodel */,
			);
			currentVersion = F008E3E124EF9DF000B0EE48 /* swift30days.xcdatamodel */;
			path = swift30days.xcdatamodeld;
			sourceTree = "<group>";
			versionGroupType = wrapper.xcdatamodel;
		};
/* End XCVersionGroup section */
	};
	rootObject = F008E3CC24EF9DF000B0EE48 /* Project object */;
}
