// !$*UTF8*$!
{
	archiveVersion = 1;
	classes = {
	};
	objectVersion = 50;
	objects = {

/* Begin PBXBuildFile section */
		F0E6568224F7552D00CCCA5E /* AppDelegate.swift in Sources */ = {isa = PBXBuildFile; fileRef = F0E6568124F7552D00CCCA5E /* AppDelegate.swift */; };
		F0E6568424F7552D00CCCA5E /* SceneDelegate.swift in Sources */ = {isa = PBXBuildFile; fileRef = F0E6568324F7552D00CCCA5E /* SceneDelegate.swift */; };
		F0E6568624F7552D00CCCA5E /* ViewController.swift in Sources */ = {isa = PBXBuildFile; fileRef = F0E6568524F7552D00CCCA5E /* ViewController.swift */; };
		F0E6568924F7552D00CCCA5E /* Main.storyboard in Resources */ = {isa = PBXBuildFile; fileRef = F0E6568724F7552D00CCCA5E /* Main.storyboard */; };
		F0E6568B24F7553300CCCA5E /* Assets.xcassets in Resources */ = {isa = PBXBuildFile; fileRef = F0E6568A24F7553300CCCA5E /* Assets.xcassets */; };
		F0E6568E24F7553300CCCA5E /* LaunchScreen.storyboard in Resources */ = {isa = PBXBuildFile; fileRef = F0E6568C24F7553300CCCA5E /* LaunchScreen.storyboard */; };
		F0E6569924F7553300CCCA5E /* Day04Tests.swift in Sources */ = {isa = PBXBuildFile; fileRef = F0E6569824F7553300CCCA5E /* Day04Tests.swift */; };
		F0E656A424F7553300CCCA5E /* Day04UITests.swift in Sources */ = {isa = PBXBuildFile; fileRef = F0E656A324F7553300CCCA5E /* Day04UITests.swift */; };
/* End PBXBuildFile section */

/* Begin PBXContainerItemProxy section */
		F0E6569524F7553300CCCA5E /* PBXContainerItemProxy */ = {
			isa = PBXContainerItemProxy;
			containerPortal = F0E6567624F7552D00CCCA5E /* Project object */;
			proxyType = 1;
			remoteGlobalIDString = F0E6567D24F7552D00CCCA5E;
			remoteInfo = Day04;
		};
		F0E656A024F7553300CCCA5E /* PBXContainerItemProxy */ = {
			isa = PBXContainerItemProxy;
			containerPortal = F0E6567624F7552D00CCCA5E /* Project object */;
			proxyType = 1;
			remoteGlobalIDString = F0E6567D24F7552D00CCCA5E;
			remoteInfo = Day04;
		};
/* End PBXContainerItemProxy section */

/* Begin PBXFileReference section */
		F0E6567E24F7552D00CCCA5E /* Day04.app */ = {isa = PBXFileReference; explicitFileType = wrapper.application; includeInIndex = 0; path = Day04.app; sourceTree = BUILT_PRODUCTS_DIR; };
		F0E6568124F7552D00CCCA5E /* AppDelegate.swift */ = {isa = PBXFileReference; lastKnownFileType = sourcecode.swift; path = AppDelegate.swift; sourceTree = "<group>"; };
		F0E6568324F7552D00CCCA5E /* SceneDelegate.swift */ = {isa = PBXFileReference; lastKnownFileType = sourcecode.swift; path = SceneDelegate.swift; sourceTree = "<group>"; };
		F0E6568524F7552D00CCCA5E /* ViewController.swift */ = {isa = PBXFileReference; lastKnownFileType = sourcecode.swift; path = ViewController.swift; sourceTree = "<group>"; };
		F0E6568824F7552D00CCCA5E /* Base */ = {isa = PBXFileReference; lastKnownFileType = file.storyboard; name = Base; path = Base.lproj/Main.storyboard; sourceTree = "<group>"; };
		F0E6568A24F7553300CCCA5E /* Assets.xcassets */ = {isa = PBXFileReference; lastKnownFileType = folder.assetcatalog; path = Assets.xcassets; sourceTree = "<group>"; };
		F0E6568D24F7553300CCCA5E /* Base */ = {isa = PBXFileReference; lastKnownFileType = file.storyboard; name = Base; path = Base.lproj/LaunchScreen.storyboard; sourceTree = "<group>"; };
		F0E6568F24F7553300CCCA5E /* Info.plist */ = {isa = PBXFileReference; lastKnownFileType = text.plist.xml; path = Info.plist; sourceTree = "<group>"; };
		F0E6569424F7553300CCCA5E /* Day04Tests.xctest */ = {isa = PBXFileReference; explicitFileType = wrapper.cfbundle; includeInIndex = 0; path = Day04Tests.xctest; sourceTree = BUILT_PRODUCTS_DIR; };
		F0E6569824F7553300CCCA5E /* Day04Tests.swift */ = {isa = PBXFileReference; lastKnownFileType = sourcecode.swift; path = Day04Tests.swift; sourceTree = "<group>"; };
		F0E6569A24F7553300CCCA5E /* Info.plist */ = {isa = PBXFileReference; lastKnownFileType = text.plist.xml; path = Info.plist; sourceTree = "<group>"; };
		F0E6569F24F7553300CCCA5E /* Day04UITests.xctest */ = {isa = PBXFileReference; explicitFileType = wrapper.cfbundle; includeInIndex = 0; path = Day04UITests.xctest; sourceTree = BUILT_PRODUCTS_DIR; };
		F0E656A324F7553300CCCA5E /* Day04UITests.swift */ = {isa = PBXFileReference; lastKnownFileType = sourcecode.swift; path = Day04UITests.swift; sourceTree = "<group>"; };
		F0E656A524F7553300CCCA5E /* Info.plist */ = {isa = PBXFileReference; lastKnownFileType = text.plist.xml; path = Info.plist; sourceTree = "<group>"; };
/* End PBXFileReference section */

/* Begin PBXFrameworksBuildPhase section */
		F0E6567B24F7552D00CCCA5E /* Frameworks */ = {
			isa = PBXFrameworksBuildPhase;
			buildActionMask = 2147483647;
			files = (
			);
			runOnlyForDeploymentPostprocessing = 0;
		};
		F0E6569124F7553300CCCA5E /* Frameworks */ = {
			isa = PBXFrameworksBuildPhase;
			buildActionMask = 2147483647;
			files = (
			);
			runOnlyForDeploymentPostprocessing = 0;
		};
		F0E6569C24F7553300CCCA5E /* Frameworks */ = {
			isa = PBXFrameworksBuildPhase;
			buildActionMask = 2147483647;
			files = (
			);
			runOnlyForDeploymentPostprocessing = 0;
		};
/* End PBXFrameworksBuildPhase section */

/* Begin PBXGroup section */
		F0E6567524F7552D00CCCA5E = {
			isa = PBXGroup;
			children = (
				F0E6568024F7552D00CCCA5E /* Day04 */,
				F0E6569724F7553300CCCA5E /* Day04Tests */,
				F0E656A224F7553300CCCA5E /* Day04UITests */,
				F0E6567F24F7552D00CCCA5E /* Products */,
			);
			sourceTree = "<group>";
		};
		F0E6567F24F7552D00CCCA5E /* Products */ = {
			isa = PBXGroup;
			children = (
				F0E6567E24F7552D00CCCA5E /* Day04.app */,
				F0E6569424F7553300CCCA5E /* Day04Tests.xctest */,
				F0E6569F24F7553300CCCA5E /* Day04UITests.xctest */,
			);
			name = Products;
			sourceTree = "<group>";
		};
		F0E6568024F7552D00CCCA5E /* Day04 */ = {
			isa = PBXGroup;
			children = (
				F0E6568124F7552D00CCCA5E /* AppDelegate.swift */,
				F0E6568324F7552D00CCCA5E /* SceneDelegate.swift */,
				F0E6568524F7552D00CCCA5E /* ViewController.swift */,
				F0E6568724F7552D00CCCA5E /* Main.storyboard */,
				F0E6568A24F7553300CCCA5E /* Assets.xcassets */,
				F0E6568C24F7553300CCCA5E /* LaunchScreen.storyboard */,
				F0E6568F24F7553300CCCA5E /* Info.plist */,
			);
			path = Day04;
			sourceTree = "<group>";
		};
		F0E6569724F7553300CCCA5E /* Day04Tests */ = {
			isa = PBXGroup;
			children = (
				F0E6569824F7553300CCCA5E /* Day04Tests.swift */,
				F0E6569A24F7553300CCCA5E /* Info.plist */,
			);
			path = Day04Tests;
			sourceTree = "<group>";
		};
		F0E656A224F7553300CCCA5E /* Day04UITests */ = {
			isa = PBXGroup;
			children = (
				F0E656A324F7553300CCCA5E /* Day04UITests.swift */,
				F0E656A524F7553300CCCA5E /* Info.plist */,
			);
			path = Day04UITests;
			sourceTree = "<group>";
		};
/* End PBXGroup section */

/* Begin PBXNativeTarget section */
		F0E6567D24F7552D00CCCA5E /* Day04 */ = {
			isa = PBXNativeTarget;
			buildConfigurationList = F0E656A824F7553300CCCA5E /* Build configuration list for PBXNativeTarget "Day04" */;
			buildPhases = (
				F0E6567A24F7552D00CCCA5E /* Sources */,
				F0E6567B24F7552D00CCCA5E /* Frameworks */,
				F0E6567C24F7552D00CCCA5E /* Resources */,
			);
			buildRules = (
			);
			dependencies = (
			);
			name = Day04;
			productName = Day04;
			productReference = F0E6567E24F7552D00CCCA5E /* Day04.app */;
			productType = "com.apple.product-type.application";
		};
		F0E6569324F7553300CCCA5E /* Day04Tests */ = {
			isa = PBXNativeTarget;
			buildConfigurationList = F0E656AB24F7553300CCCA5E /* Build configuration list for PBXNativeTarget "Day04Tests" */;
			buildPhases = (
				F0E6569024F7553300CCCA5E /* Sources */,
				F0E6569124F7553300CCCA5E /* Frameworks */,
				F0E6569224F7553300CCCA5E /* Resources */,
			);
			buildRules = (
			);
			dependencies = (
				F0E6569624F7553300CCCA5E /* PBXTargetDependency */,
			);
			name = Day04Tests;
			productName = Day04Tests;
			productReference = F0E6569424F7553300CCCA5E /* Day04Tests.xctest */;
			productType = "com.apple.product-type.bundle.unit-test";
		};
		F0E6569E24F7553300CCCA5E /* Day04UITests */ = {
			isa = PBXNativeTarget;
			buildConfigurationList = F0E656AE24F7553300CCCA5E /* Build configuration list for PBXNativeTarget "Day04UITests" */;
			buildPhases = (
				F0E6569B24F7553300CCCA5E /* Sources */,
				F0E6569C24F7553300CCCA5E /* Frameworks */,
				F0E6569D24F7553300CCCA5E /* Resources */,
			);
			buildRules = (
			);
			dependencies = (
				F0E656A124F7553300CCCA5E /* PBXTargetDependency */,
			);
			name = Day04UITests;
			productName = Day04UITests;
			productReference = F0E6569F24F7553300CCCA5E /* Day04UITests.xctest */;
			productType = "com.apple.product-type.bundle.ui-testing";
		};
/* End PBXNativeTarget section */

/* Begin PBXProject section */
		F0E6567624F7552D00CCCA5E /* Project object */ = {
			isa = PBXProject;
			attributes = {
				LastSwiftUpdateCheck = 1160;
				LastUpgradeCheck = 1160;
				ORGANIZATIONNAME = hjun;
				TargetAttributes = {
					F0E6567D24F7552D00CCCA5E = {
						CreatedOnToolsVersion = 11.6;
					};
					F0E6569324F7553300CCCA5E = {
						CreatedOnToolsVersion = 11.6;
						TestTargetID = F0E6567D24F7552D00CCCA5E;
					};
					F0E6569E24F7553300CCCA5E = {
						CreatedOnToolsVersion = 11.6;
						TestTargetID = F0E6567D24F7552D00CCCA5E;
					};
				};
			};
			buildConfigurationList = F0E6567924F7552D00CCCA5E /* Build configuration list for PBXProject "Day04" */;
			compatibilityVersion = "Xcode 9.3";
			developmentRegion = en;
			hasScannedForEncodings = 0;
			knownRegions = (
				en,
				Base,
			);
			mainGroup = F0E6567524F7552D00CCCA5E;
			productRefGroup = F0E6567F24F7552D00CCCA5E /* Products */;
			projectDirPath = "";
			projectRoot = "";
			targets = (
				F0E6567D24F7552D00CCCA5E /* Day04 */,
				F0E6569324F7553300CCCA5E /* Day04Tests */,
				F0E6569E24F7553300CCCA5E /* Day04UITests */,
			);
		};
/* End PBXProject section */

/* Begin PBXResourcesBuildPhase section */
		F0E6567C24F7552D00CCCA5E /* Resources */ = {
			isa = PBXResourcesBuildPhase;
			buildActionMask = 2147483647;
			files = (
				F0E6568E24F7553300CCCA5E /* LaunchScreen.storyboard in Resources */,
				F0E6568B24F7553300CCCA5E /* Assets.xcassets in Resources */,
				F0E6568924F7552D00CCCA5E /* Main.storyboard in Resources */,
			);
			runOnlyForDeploymentPostprocessing = 0;
		};
		F0E6569224F7553300CCCA5E /* Resources */ = {
			isa = PBXResourcesBuildPhase;
			buildActionMask = 2147483647;
			files = (
			);
			runOnlyForDeploymentPostprocessing = 0;
		};
		F0E6569D24F7553300CCCA5E /* Resources */ = {
			isa = PBXResourcesBuildPhase;
			buildActionMask = 2147483647;
			files = (
			);
			runOnlyForDeploymentPostprocessing = 0;
		};
/* End PBXResourcesBuildPhase section */

/* Begin PBXSourcesBuildPhase section */
		F0E6567A24F7552D00CCCA5E /* Sources */ = {
			isa = PBXSourcesBuildPhase;
			buildActionMask = 2147483647;
			files = (
				F0E6568624F7552D00CCCA5E /* ViewController.swift in Sources */,
				F0E6568224F7552D00CCCA5E /* AppDelegate.swift in Sources */,
				F0E6568424F7552D00CCCA5E /* SceneDelegate.swift in Sources */,
			);
			runOnlyForDeploymentPostprocessing = 0;
		};
		F0E6569024F7553300CCCA5E /* Sources */ = {
			isa = PBXSourcesBuildPhase;
			buildActionMask = 2147483647;
			files = (
				F0E6569924F7553300CCCA5E /* Day04Tests.swift in Sources */,
			);
			runOnlyForDeploymentPostprocessing = 0;
		};
		F0E6569B24F7553300CCCA5E /* Sources */ = {
			isa = PBXSourcesBuildPhase;
			buildActionMask = 2147483647;
			files = (
				F0E656A424F7553300CCCA5E /* Day04UITests.swift in Sources */,
			);
			runOnlyForDeploymentPostprocessing = 0;
		};
/* End PBXSourcesBuildPhase section */

/* Begin PBXTargetDependency section */
		F0E6569624F7553300CCCA5E /* PBXTargetDependency */ = {
			isa = PBXTargetDependency;
			target = F0E6567D24F7552D00CCCA5E /* Day04 */;
			targetProxy = F0E6569524F7553300CCCA5E /* PBXContainerItemProxy */;
		};
		F0E656A124F7553300CCCA5E /* PBXTargetDependency */ = {
			isa = PBXTargetDependency;
			target = F0E6567D24F7552D00CCCA5E /* Day04 */;
			targetProxy = F0E656A024F7553300CCCA5E /* PBXContainerItemProxy */;
		};
/* End PBXTargetDependency section */

/* Begin PBXVariantGroup section */
		F0E6568724F7552D00CCCA5E /* Main.storyboard */ = {
			isa = PBXVariantGroup;
			children = (
				F0E6568824F7552D00CCCA5E /* Base */,
			);
			name = Main.storyboard;
			sourceTree = "<group>";
		};
		F0E6568C24F7553300CCCA5E /* LaunchScreen.storyboard */ = {
			isa = PBXVariantGroup;
			children = (
				F0E6568D24F7553300CCCA5E /* Base */,
			);
			name = LaunchScreen.storyboard;
			sourceTree = "<group>";
		};
/* End PBXVariantGroup section */

/* Begin XCBuildConfiguration section */
		F0E656A624F7553300CCCA5E /* Debug */ = {
			isa = XCBuildConfiguration;
			buildSettings = {
				ALWAYS_SEARCH_USER_PATHS = NO;
				CLANG_ANALYZER_NONNULL = YES;
				CLANG_ANALYZER_NUMBER_OBJECT_CONVERSION = YES_AGGRESSIVE;
				CLANG_CXX_LANGUAGE_STANDARD = "gnu++14";
				CLANG_CXX_LIBRARY = "libc++";
				CLANG_ENABLE_MODULES = YES;
				CLANG_ENABLE_OBJC_ARC = YES;
				CLANG_ENABLE_OBJC_WEAK = YES;
				CLANG_WARN_BLOCK_CAPTURE_AUTORELEASING = YES;
				CLANG_WARN_BOOL_CONVERSION = YES;
				CLANG_WARN_COMMA = YES;
				CLANG_WARN_CONSTANT_CONVERSION = YES;
				CLANG_WARN_DEPRECATED_OBJC_IMPLEMENTATIONS = YES;
				CLANG_WARN_DIRECT_OBJC_ISA_USAGE = YES_ERROR;
				CLANG_WARN_DOCUMENTATION_COMMENTS = YES;
				CLANG_WARN_EMPTY_BODY = YES;
				CLANG_WARN_ENUM_CONVERSION = YES;
				CLANG_WARN_INFINITE_RECURSION = YES;
				CLANG_WARN_INT_CONVERSION = YES;
				CLANG_WARN_NON_LITERAL_NULL_CONVERSION = YES;
				CLANG_WARN_OBJC_IMPLICIT_RETAIN_SELF = YES;
				CLANG_WARN_OBJC_LITERAL_CONVERSION = YES;
				CLANG_WARN_OBJC_ROOT_CLASS = YES_ERROR;
				CLANG_WARN_RANGE_LOOP_ANALYSIS = YES;
				CLANG_WARN_STRICT_PROTOTYPES = YES;
				CLANG_WARN_SUSPICIOUS_MOVE = YES;
				CLANG_WARN_UNGUARDED_AVAILABILITY = YES_AGGRESSIVE;
				CLANG_WARN_UNREACHABLE_CODE = YES;
				CLANG_WARN__DUPLICATE_METHOD_MATCH = YES;
				COPY_PHASE_STRIP = NO;
				DEBUG_INFORMATION_FORMAT = dwarf;
				ENABLE_STRICT_OBJC_MSGSEND = YES;
				ENABLE_TESTABILITY = YES;
				GCC_C_LANGUAGE_STANDARD = gnu11;
				GCC_DYNAMIC_NO_PIC = NO;
				GCC_NO_COMMON_BLOCKS = YES;
				GCC_OPTIMIZATION_LEVEL = 0;
				GCC_PREPROCESSOR_DEFINITIONS = (
					"DEBUG=1",
					"$(inherited)",
				);
				GCC_WARN_64_TO_32_BIT_CONVERSION = YES;
				GCC_WARN_ABOUT_RETURN_TYPE = YES_ERROR;
				GCC_WARN_UNDECLARED_SELECTOR = YES;
				GCC_WARN_UNINITIALIZED_AUTOS = YES_AGGRESSIVE;
				GCC_WARN_UNUSED_FUNCTION = YES;
				GCC_WARN_UNUSED_VARIABLE = YES;
				IPHONEOS_DEPLOYMENT_TARGET = 13.6;
				MTL_ENABLE_DEBUG_INFO = INCLUDE_SOURCE;
				MTL_FAST_MATH = YES;
				ONLY_ACTIVE_ARCH = YES;
				SDKROOT = iphoneos;
				SWIFT_ACTIVE_COMPILATION_CONDITIONS = DEBUG;
				SWIFT_OPTIMIZATION_LEVEL = "-Onone";
			};
			name = Debug;
		};
		F0E656A724F7553300CCCA5E /* Release */ = {
			isa = XCBuildConfiguration;
			buildSettings = {
				ALWAYS_SEARCH_USER_PATHS = NO;
				CLANG_ANALYZER_NONNULL = YES;
				CLANG_ANALYZER_NUMBER_OBJECT_CONVERSION = YES_AGGRESSIVE;
				CLANG_CXX_LANGUAGE_STANDARD = "gnu++14";
				CLANG_CXX_LIBRARY = "libc++";
				CLANG_ENABLE_MODULES = YES;
				CLANG_ENABLE_OBJC_ARC = YES;
				CLANG_ENABLE_OBJC_WEAK = YES;
				CLANG_WARN_BLOCK_CAPTURE_AUTORELEASING = YES;
				CLANG_WARN_BOOL_CONVERSION = YES;
				CLANG_WARN_COMMA = YES;
				CLANG_WARN_CONSTANT_CONVERSION = YES;
				CLANG_WARN_DEPRECATED_OBJC_IMPLEMENTATIONS = YES;
				CLANG_WARN_DIRECT_OBJC_ISA_USAGE = YES_ERROR;
				CLANG_WARN_DOCUMENTATION_COMMENTS = YES;
				CLANG_WARN_EMPTY_BODY = YES;
				CLANG_WARN_ENUM_CONVERSION = YES;
				CLANG_WARN_INFINITE_RECURSION = YES;
				CLANG_WARN_INT_CONVERSION = YES;
				CLANG_WARN_NON_LITERAL_NULL_CONVERSION = YES;
				CLANG_WARN_OBJC_IMPLICIT_RETAIN_SELF = YES;
				CLANG_WARN_OBJC_LITERAL_CONVERSION = YES;
				CLANG_WARN_OBJC_ROOT_CLASS = YES_ERROR;
				CLANG_WARN_RANGE_LOOP_ANALYSIS = YES;
				CLANG_WARN_STRICT_PROTOTYPES = YES;
				CLANG_WARN_SUSPICIOUS_MOVE = YES;
				CLANG_WARN_UNGUARDED_AVAILABILITY = YES_AGGRESSIVE;
				CLANG_WARN_UNREACHABLE_CODE = YES;
				CLANG_WARN__DUPLICATE_METHOD_MATCH = YES;
				COPY_PHASE_STRIP = NO;
				DEBUG_INFORMATION_FORMAT = "dwarf-with-dsym";
				ENABLE_NS_ASSERTIONS = NO;
				ENABLE_STRICT_OBJC_MSGSEND = YES;
				GCC_C_LANGUAGE_STANDARD = gnu11;
				GCC_NO_COMMON_BLOCKS = YES;
				GCC_WARN_64_TO_32_BIT_CONVERSION = YES;
				GCC_WARN_ABOUT_RETURN_TYPE = YES_ERROR;
				GCC_WARN_UNDECLARED_SELECTOR = YES;
				GCC_WARN_UNINITIALIZED_AUTOS = YES_AGGRESSIVE;
				GCC_WARN_UNUSED_FUNCTION = YES;
				GCC_WARN_UNUSED_VARIABLE = YES;
				IPHONEOS_DEPLOYMENT_TARGET = 13.6;
				MTL_ENABLE_DEBUG_INFO = NO;
				MTL_FAST_MATH = YES;
				SDKROOT = iphoneos;
				SWIFT_COMPILATION_MODE = wholemodule;
				SWIFT_OPTIMIZATION_LEVEL = "-O";
				VALIDATE_PRODUCT = YES;
			};
			name = Release;
		};
		F0E656A924F7553300CCCA5E /* Debug */ = {
			isa = XCBuildConfiguration;
			buildSettings = {
				ASSETCATALOG_COMPILER_APPICON_NAME = AppIcon;
				CODE_SIGN_STYLE = Automatic;
				DEVELOPMENT_TEAM = 85UUFC9YM9;
				INFOPLIST_FILE = Day04/Info.plist;
				LD_RUNPATH_SEARCH_PATHS = (
					"$(inherited)",
					"@executable_path/Frameworks",
				);
				PRODUCT_BUNDLE_IDENTIFIER = GD.Day04;
				PRODUCT_NAME = "$(TARGET_NAME)";
				SWIFT_VERSION = 5.0;
				TARGETED_DEVICE_FAMILY = "1,2";
			};
			name = Debug;
		};
		F0E656AA24F7553300CCCA5E /* Release */ = {
			isa = XCBuildConfiguration;
			buildSettings = {
				ASSETCATALOG_COMPILER_APPICON_NAME = AppIcon;
				CODE_SIGN_STYLE = Automatic;
				DEVELOPMENT_TEAM = 85UUFC9YM9;
				INFOPLIST_FILE = Day04/Info.plist;
				LD_RUNPATH_SEARCH_PATHS = (
					"$(inherited)",
					"@executable_path/Frameworks",
				);
				PRODUCT_BUNDLE_IDENTIFIER = GD.Day04;
				PRODUCT_NAME = "$(TARGET_NAME)";
				SWIFT_VERSION = 5.0;
				TARGETED_DEVICE_FAMILY = "1,2";
			};
			name = Release;
		};
		F0E656AC24F7553300CCCA5E /* Debug */ = {
			isa = XCBuildConfiguration;
			buildSettings = {
				ALWAYS_EMBED_SWIFT_STANDARD_LIBRARIES = YES;
				BUNDLE_LOADER = "$(TEST_HOST)";
				CODE_SIGN_STYLE = Automatic;
				DEVELOPMENT_TEAM = 85UUFC9YM9;
				INFOPLIST_FILE = Day04Tests/Info.plist;
				IPHONEOS_DEPLOYMENT_TARGET = 13.6;
				LD_RUNPATH_SEARCH_PATHS = (
					"$(inherited)",
					"@executable_path/Frameworks",
					"@loader_path/Frameworks",
				);
				PRODUCT_BUNDLE_IDENTIFIER = GD.Day04Tests;
				PRODUCT_NAME = "$(TARGET_NAME)";
				SWIFT_VERSION = 5.0;
				TARGETED_DEVICE_FAMILY = "1,2";
				TEST_HOST = "$(BUILT_PRODUCTS_DIR)/Day04.app/Day04";
			};
			name = Debug;
		};
		F0E656AD24F7553300CCCA5E /* Release */ = {
			isa = XCBuildConfiguration;
			buildSettings = {
				ALWAYS_EMBED_SWIFT_STANDARD_LIBRARIES = YES;
				BUNDLE_LOADER = "$(TEST_HOST)";
				CODE_SIGN_STYLE = Automatic;
				DEVELOPMENT_TEAM = 85UUFC9YM9;
				INFOPLIST_FILE = Day04Tests/Info.plist;
				IPHONEOS_DEPLOYMENT_TARGET = 13.6;
				LD_RUNPATH_SEARCH_PATHS = (
					"$(inherited)",
					"@executable_path/Frameworks",
					"@loader_path/Frameworks",
				);
				PRODUCT_BUNDLE_IDENTIFIER = GD.Day04Tests;
				PRODUCT_NAME = "$(TARGET_NAME)";
				SWIFT_VERSION = 5.0;
				TARGETED_DEVICE_FAMILY = "1,2";
				TEST_HOST = "$(BUILT_PRODUCTS_DIR)/Day04.app/Day04";
			};
			name = Release;
		};
		F0E656AF24F7553300CCCA5E /* Debug */ = {
			isa = XCBuildConfiguration;
			buildSettings = {
				ALWAYS_EMBED_SWIFT_STANDARD_LIBRARIES = YES;
				CODE_SIGN_STYLE = Automatic;
				DEVELOPMENT_TEAM = 85UUFC9YM9;
				INFOPLIST_FILE = Day04UITests/Info.plist;
				LD_RUNPATH_SEARCH_PATHS = (
					"$(inherited)",
					"@executable_path/Frameworks",
					"@loader_path/Frameworks",
				);
				PRODUCT_BUNDLE_IDENTIFIER = GD.Day04UITests;
				PRODUCT_NAME = "$(TARGET_NAME)";
				SWIFT_VERSION = 5.0;
				TARGETED_DEVICE_FAMILY = "1,2";
				TEST_TARGET_NAME = Day04;
			};
			name = Debug;
		};
		F0E656B024F7553300CCCA5E /* Release */ = {
			isa = XCBuildConfiguration;
			buildSettings = {
				ALWAYS_EMBED_SWIFT_STANDARD_LIBRARIES = YES;
				CODE_SIGN_STYLE = Automatic;
				DEVELOPMENT_TEAM = 85UUFC9YM9;
				INFOPLIST_FILE = Day04UITests/Info.plist;
				LD_RUNPATH_SEARCH_PATHS = (
					"$(inherited)",
					"@executable_path/Frameworks",
					"@loader_path/Frameworks",
				);
				PRODUCT_BUNDLE_IDENTIFIER = GD.Day04UITests;
				PRODUCT_NAME = "$(TARGET_NAME)";
				SWIFT_VERSION = 5.0;
				TARGETED_DEVICE_FAMILY = "1,2";
				TEST_TARGET_NAME = Day04;
			};
			name = Release;
		};
/* End XCBuildConfiguration section */

/* Begin XCConfigurationList section */
		F0E6567924F7552D00CCCA5E /* Build configuration list for PBXProject "Day04" */ = {
			isa = XCConfigurationList;
			buildConfigurations = (
				F0E656A624F7553300CCCA5E /* Debug */,
				F0E656A724F7553300CCCA5E /* Release */,
			);
			defaultConfigurationIsVisible = 0;
			defaultConfigurationName = Release;
		};
		F0E656A824F7553300CCCA5E /* Build configuration list for PBXNativeTarget "Day04" */ = {
			isa = XCConfigurationList;
			buildConfigurations = (
				F0E656A924F7553300CCCA5E /* Debug */,
				F0E656AA24F7553300CCCA5E /* Release */,
			);
			defaultConfigurationIsVisible = 0;
			defaultConfigurationName = Release;
		};
		F0E656AB24F7553300CCCA5E /* Build configuration list for PBXNativeTarget "Day04Tests" */ = {
			isa = XCConfigurationList;
			buildConfigurations = (
				F0E656AC24F7553300CCCA5E /* Debug */,
				F0E656AD24F7553300CCCA5E /* Release */,
			);
			defaultConfigurationIsVisible = 0;
			defaultConfigurationName = Release;
		};
		F0E656AE24F7553300CCCA5E /* Build configuration list for PBXNativeTarget "Day04UITests" */ = {
			isa = XCConfigurationList;
			buildConfigurations = (
				F0E656AF24F7553300CCCA5E /* Debug */,
				F0E656B024F7553300CCCA5E /* Release */,
			);
			defaultConfigurationIsVisible = 0;
			defaultConfigurationName = Release;
		};
/* End XCConfigurationList section */
	};
	rootObject = F0E6567624F7552D00CCCA5E /* Project object */;
}
